
Microsoft Visual Studio Solution File, Format Version 12.00
# Visual Studio 15
VisualStudioVersion = 15.0.27428.2027
MinimumVisualStudioVersion = 10.0.40219.1
Project("{9A19103F-16F7-4668-BE54-9A1E7A4F7556}") = "AspNetCoreAuthentication.Web", "AspNetCoreAuthentication.Web\AspNetCoreAuthentication.Web.csproj", "{0ECAA17C-A875-4CB1-A129-11B7CAE5C4E8}"
EndProject
Project("{9A19103F-16F7-4668-BE54-9A1E7A4F7556}") = "AspNetCoreAuthentication.JWT", "AspNetCoreAuthentication.JWT\AspNetCoreAuthentication.JWT.csproj", "{FEBB2D83-6432-437D-AEC1-EC65B8735E95}"
EndProject
Global
	GlobalSection(SolutionConfigurationPlatforms) = preSolution
		Debug|Any CPU = Debug|Any CPU
		Release|Any CPU = Release|Any CPU
	EndGlobalSection
	GlobalSection(ProjectConfigurationPlatforms) = postSolution
		{0ECAA17C-A875-4CB1-A129-11B7CAE5C4E8}.Debug|Any CPU.ActiveCfg = Debug|Any CPU
		{0ECAA17C-A875-4CB1-A129-11B7CAE5C4E8}.Debug|Any CPU.Build.0 = Debug|Any CPU
		{0ECAA17C-A875-4CB1-A129-11B7CAE5C4E8}.Release|Any CPU.ActiveCfg = Release|Any CPU
		{0ECAA17C-A875-4CB1-A129-11B7CAE5C4E8}.Release|Any CPU.Build.0 = Release|Any CPU
		{FEBB2D83-6432-437D-AEC1-EC65B8735E95}.Debug|Any CPU.ActiveCfg = Debug|Any CPU
		{FEBB2D83-6432-437D-AEC1-EC65B8735E95}.Debug|Any CPU.Build.0 = Debug|Any CPU
		{FEBB2D83-6432-437D-AEC1-EC65B8735E95}.Release|Any CPU.ActiveCfg = Release|Any CPU
		{FEBB2D83-6432-437D-AEC1-EC65B8735E95}.Release|Any CPU.Build.0 = Release|Any CPU
	EndGlobalSection
	GlobalSection(SolutionProperties) = preSolution
		HideSolutionNode = FALSE
	EndGlobalSection
	GlobalSection(ExtensibilityGlobals) = postSolution
		SolutionGuid = {DE7FAE6F-D9B3-4FE8-A3E7-BA1CFD9E47E8}
	EndGlobalSection
EndGlobal
